
Microsoft Visual Studio Solution File, Format Version 12.00
# Visual Studio 2013
VisualStudioVersion = 12.0.21005.1
MinimumVisualStudioVersion = 10.0.40219.1
Project("{FAE04EC0-301F-11D3-BF4B-00C04F79EFBC}") = "HockeyUpload", "HockeyUpload\HockeyUpload.csproj", "{3548B93D-8AC4-4B13-8143-ED6FBE65FA02}"
EndProject
Project("{930C7802-8A8C-48F9-8165-68863BCCD9DD}") = "HockeyUploadSetup", "HockeyUploadSetup\HockeyUploadSetup.wixproj", "{B700A621-BC19-48DA-9CD4-D781E06EA6BC}"
EndProject
Project("{FAE04EC0-301F-11D3-BF4B-00C04F79EFBC}") = "HockeyUploaderConsole", "HockeyUploaderConsole\HockeyUploaderConsole.csproj", "{18247B04-6538-4B09-8C50-CB45D9B9B6D9}"
EndProject
Project("{2150E333-8FDC-42A3-9474-1A3956D46DE8}") = ".nuget", ".nuget", "{829FB633-3F85-4249-907E-7CEEBBDEF412}"
	ProjectSection(SolutionItems) = preProject
		.nuget\NuGet.Config = .nuget\NuGet.Config
		.nuget\NuGet.exe = .nuget\NuGet.exe
		.nuget\NuGet.targets = .nuget\NuGet.targets
	EndProjectSection
EndProject
Global
	GlobalSection(SolutionConfigurationPlatforms) = preSolution
		Debug|Any CPU = Debug|Any CPU
		Debug|Mixed Platforms = Debug|Mixed Platforms
		Debug|x86 = Debug|x86
		Release|Any CPU = Release|Any CPU
		Release|Mixed Platforms = Release|Mixed Platforms
		Release|x86 = Release|x86
		Release35|Any CPU = Release35|Any CPU
		Release35|Mixed Platforms = Release35|Mixed Platforms
		Release35|x86 = Release35|x86
	EndGlobalSection
	GlobalSection(ProjectConfigurationPlatforms) = postSolution
		{3548B93D-8AC4-4B13-8143-ED6FBE65FA02}.Debug|Any CPU.ActiveCfg = Debug|Any CPU
		{3548B93D-8AC4-4B13-8143-ED6FBE65FA02}.Debug|Any CPU.Build.0 = Debug|Any CPU
		{3548B93D-8AC4-4B13-8143-ED6FBE65FA02}.Debug|Mixed Platforms.ActiveCfg = Debug|Any CPU
		{3548B93D-8AC4-4B13-8143-ED6FBE65FA02}.Debug|Mixed Platforms.Build.0 = Debug|Any CPU
		{3548B93D-8AC4-4B13-8143-ED6FBE65FA02}.Debug|x86.ActiveCfg = Debug|Any CPU
		{3548B93D-8AC4-4B13-8143-ED6FBE65FA02}.Release|Any CPU.ActiveCfg = Release|Any CPU
		{3548B93D-8AC4-4B13-8143-ED6FBE65FA02}.Release|Any CPU.Build.0 = Release|Any CPU
		{3548B93D-8AC4-4B13-8143-ED6FBE65FA02}.Release|Mixed Platforms.ActiveCfg = Release|Any CPU
		{3548B93D-8AC4-4B13-8143-ED6FBE65FA02}.Release|Mixed Platforms.Build.0 = Release|Any CPU
		{3548B93D-8AC4-4B13-8143-ED6FBE65FA02}.Release|x86.ActiveCfg = Release|Any CPU
		{3548B93D-8AC4-4B13-8143-ED6FBE65FA02}.Release35|Any CPU.ActiveCfg = Release|Any CPU
		{3548B93D-8AC4-4B13-8143-ED6FBE65FA02}.Release35|Any CPU.Build.0 = Release|Any CPU
		{3548B93D-8AC4-4B13-8143-ED6FBE65FA02}.Release35|Mixed Platforms.ActiveCfg = Release|Any CPU
		{3548B93D-8AC4-4B13-8143-ED6FBE65FA02}.Release35|Mixed Platforms.Build.0 = Release|Any CPU
		{3548B93D-8AC4-4B13-8143-ED6FBE65FA02}.Release35|x86.ActiveCfg = Release|Any CPU
		{B700A621-BC19-48DA-9CD4-D781E06EA6BC}.Debug|Any CPU.ActiveCfg = Debug|x86
		{B700A621-BC19-48DA-9CD4-D781E06EA6BC}.Debug|Mixed Platforms.ActiveCfg = Debug|x86
		{B700A621-BC19-48DA-9CD4-D781E06EA6BC}.Debug|Mixed Platforms.Build.0 = Debug|x86
		{B700A621-BC19-48DA-9CD4-D781E06EA6BC}.Debug|x86.ActiveCfg = Debug|x86
		{B700A621-BC19-48DA-9CD4-D781E06EA6BC}.Debug|x86.Build.0 = Debug|x86
		{B700A621-BC19-48DA-9CD4-D781E06EA6BC}.Release|Any CPU.ActiveCfg = Release|x86
		{B700A621-BC19-48DA-9CD4-D781E06EA6BC}.Release|Mixed Platforms.ActiveCfg = Release|x86
		{B700A621-BC19-48DA-9CD4-D781E06EA6BC}.Release|Mixed Platforms.Build.0 = Release|x86
		{B700A621-BC19-48DA-9CD4-D781E06EA6BC}.Release|x86.ActiveCfg = Release|x86
		{B700A621-BC19-48DA-9CD4-D781E06EA6BC}.Release|x86.Build.0 = Release|x86
		{B700A621-BC19-48DA-9CD4-D781E06EA6BC}.Release35|Any CPU.ActiveCfg = Release|x86
		{B700A621-BC19-48DA-9CD4-D781E06EA6BC}.Release35|Mixed Platforms.ActiveCfg = Release|x86
		{B700A621-BC19-48DA-9CD4-D781E06EA6BC}.Release35|Mixed Platforms.Build.0 = Release|x86
		{B700A621-BC19-48DA-9CD4-D781E06EA6BC}.Release35|x86.ActiveCfg = Release|x86
		{B700A621-BC19-48DA-9CD4-D781E06EA6BC}.Release35|x86.Build.0 = Release|x86
		{18247B04-6538-4B09-8C50-CB45D9B9B6D9}.Debug|Any CPU.ActiveCfg = Debug|Any CPU
		{18247B04-6538-4B09-8C50-CB45D9B9B6D9}.Debug|Any CPU.Build.0 = Debug|Any CPU
		{18247B04-6538-4B09-8C50-CB45D9B9B6D9}.Debug|Mixed Platforms.ActiveCfg = Debug|Any CPU
		{18247B04-6538-4B09-8C50-CB45D9B9B6D9}.Debug|Mixed Platforms.Build.0 = Debug|Any CPU
		{18247B04-6538-4B09-8C50-CB45D9B9B6D9}.Debug|x86.ActiveCfg = Debug|Any CPU
		{18247B04-6538-4B09-8C50-CB45D9B9B6D9}.Release|Any CPU.ActiveCfg = Release|Any CPU
		{18247B04-6538-4B09-8C50-CB45D9B9B6D9}.Release|Any CPU.Build.0 = Release|Any CPU
		{18247B04-6538-4B09-8C50-CB45D9B9B6D9}.Release|Mixed Platforms.ActiveCfg = Release|Any CPU
		{18247B04-6538-4B09-8C50-CB45D9B9B6D9}.Release|Mixed Platforms.Build.0 = Release|Any CPU
		{18247B04-6538-4B09-8C50-CB45D9B9B6D9}.Release|x86.ActiveCfg = Release|Any CPU
		{18247B04-6538-4B09-8C50-CB45D9B9B6D9}.Release35|Any CPU.ActiveCfg = Release|Any CPU
		{18247B04-6538-4B09-8C50-CB45D9B9B6D9}.Release35|Any CPU.Build.0 = Release|Any CPU
		{18247B04-6538-4B09-8C50-CB45D9B9B6D9}.Release35|Mixed Platforms.ActiveCfg = Release|Any CPU
		{18247B04-6538-4B09-8C50-CB45D9B9B6D9}.Release35|Mixed Platforms.Build.0 = Release|Any CPU
		{18247B04-6538-4B09-8C50-CB45D9B9B6D9}.Release35|x86.ActiveCfg = Release|Any CPU
	EndGlobalSection
	GlobalSection(SolutionProperties) = preSolution
		HideSolutionNode = FALSE
	EndGlobalSection
EndGlobal
